
Microsoft Visual Studio Solution File, Format Version 12.00
Project("{FAE04EC0-301F-11D3-BF4B-00C04F79EFBC}") = "StringsAndChars", "StringsAndChars\StringsAndChars.csproj", "{6887ECFE-562B-44EE-AD83-A5D3D4A42BF2}"
EndProject
Global
	GlobalSection(SolutionConfigurationPlatforms) = preSolution
		Debug|Any CPU = Debug|Any CPU
		Release|Any CPU = Release|Any CPU
	EndGlobalSection
	GlobalSection(ProjectConfigurationPlatforms) = postSolution
		{6887ECFE-562B-44EE-AD83-A5D3D4A42BF2}.Debug|Any CPU.ActiveCfg = Debug|Any CPU
		{6887ECFE-562B-44EE-AD83-A5D3D4A42BF2}.Debug|Any CPU.Build.0 = Debug|Any CPU
		{6887ECFE-562B-44EE-AD83-A5D3D4A42BF2}.Release|Any CPU.ActiveCfg = Release|Any CPU
		{6887ECFE-562B-44EE-AD83-A5D3D4A42BF2}.Release|Any CPU.Build.0 = Release|Any CPU
	EndGlobalSection
EndGlobal
