
Microsoft Visual Studio Solution File, Format Version 12.00
# Visual Studio Version 17
VisualStudioVersion = 17.10.34928.147
MinimumVisualStudioVersion = 10.0.40219.1
Project("{9A19103F-16F7-4668-BE54-9A1E7A4F7556}") = "FinalProject", "FinalProject\FinalProject.csproj", "{4419B93F-E632-476F-B3F8-685AFC08EF19}"
EndProject
Global
	GlobalSection(SolutionConfigurationPlatforms) = preSolution
		Debug|Any CPU = Debug|Any CPU
		Release|Any CPU = Release|Any CPU
	EndGlobalSection
	GlobalSection(ProjectConfigurationPlatforms) = postSolution
		{4419B93F-E632-476F-B3F8-685AFC08EF19}.Debug|Any CPU.ActiveCfg = Debug|Any CPU
		{4419B93F-E632-476F-B3F8-685AFC08EF19}.Debug|Any CPU.Build.0 = Debug|Any CPU
		{4419B93F-E632-476F-B3F8-685AFC08EF19}.Release|Any CPU.ActiveCfg = Release|Any CPU
		{4419B93F-E632-476F-B3F8-685AFC08EF19}.Release|Any CPU.Build.0 = Release|Any CPU
	EndGlobalSection
	GlobalSection(SolutionProperties) = preSolution
		HideSolutionNode = FALSE
	EndGlobalSection
	GlobalSection(ExtensibilityGlobals) = postSolution
		SolutionGuid = {5B65FB8C-E40D-4F31-9784-3C6A7693C8DE}
	EndGlobalSection
EndGlobal
